
Microsoft Visual Studio Solution File, Format Version 12.00
# Visual Studio Version 17
VisualStudioVersion = 17.0.31919.166
MinimumVisualStudioVersion = 10.0.40219.1
Project("{9A19103F-16F7-4668-BE54-9A1E7A4F7556}") = "AdjustmentTest", "AdjustmentTest\AdjustmentTest.csproj", "{765F27F9-78AF-4E0A-B315-2D5DAD9CC72B}"
EndProject
Project("{9A19103F-16F7-4668-BE54-9A1E7A4F7556}") = "AdjustrixWPF", "AdjustrixWPF\AdjustrixWPF.csproj", "{E6966B6A-9B8E-437B-979C-EA52F7B4A29C}"
EndProject
Project("{9A19103F-16F7-4668-BE54-9A1E7A4F7556}") = "Experimenting", "Experimenting\Experimenting.csproj", "{9439F40F-B34B-476B-88E2-CA1625F52815}"
EndProject
Project("{FAE04EC0-301F-11D3-BF4B-00C04F79EFBC}") = "AdjustrixBase", "AdjustrixBase\AdjustrixBase.csproj", "{B59A6049-1B6E-4B05-AA25-91B1D2164091}"
EndProject
Global
	GlobalSection(SolutionConfigurationPlatforms) = preSolution
		Debug|Any CPU = Debug|Any CPU
		Debug|ARM64 = Debug|ARM64
		Debug|x64 = Debug|x64
		Debug|x86 = Debug|x86
		Release|Any CPU = Release|Any CPU
		Release|ARM64 = Release|ARM64
		Release|x64 = Release|x64
		Release|x86 = Release|x86
	EndGlobalSection
	GlobalSection(ProjectConfigurationPlatforms) = postSolution
		{765F27F9-78AF-4E0A-B315-2D5DAD9CC72B}.Debug|Any CPU.ActiveCfg = Debug|Any CPU
		{765F27F9-78AF-4E0A-B315-2D5DAD9CC72B}.Debug|Any CPU.Build.0 = Debug|Any CPU
		{765F27F9-78AF-4E0A-B315-2D5DAD9CC72B}.Debug|ARM64.ActiveCfg = Debug|Any CPU
		{765F27F9-78AF-4E0A-B315-2D5DAD9CC72B}.Debug|ARM64.Build.0 = Debug|Any CPU
		{765F27F9-78AF-4E0A-B315-2D5DAD9CC72B}.Debug|x64.ActiveCfg = Debug|Any CPU
		{765F27F9-78AF-4E0A-B315-2D5DAD9CC72B}.Debug|x64.Build.0 = Debug|Any CPU
		{765F27F9-78AF-4E0A-B315-2D5DAD9CC72B}.Debug|x86.ActiveCfg = Debug|Any CPU
		{765F27F9-78AF-4E0A-B315-2D5DAD9CC72B}.Debug|x86.Build.0 = Debug|Any CPU
		{765F27F9-78AF-4E0A-B315-2D5DAD9CC72B}.Release|Any CPU.ActiveCfg = Release|Any CPU
		{765F27F9-78AF-4E0A-B315-2D5DAD9CC72B}.Release|Any CPU.Build.0 = Release|Any CPU
		{765F27F9-78AF-4E0A-B315-2D5DAD9CC72B}.Release|ARM64.ActiveCfg = Release|Any CPU
		{765F27F9-78AF-4E0A-B315-2D5DAD9CC72B}.Release|ARM64.Build.0 = Release|Any CPU
		{765F27F9-78AF-4E0A-B315-2D5DAD9CC72B}.Release|x64.ActiveCfg = Release|Any CPU
		{765F27F9-78AF-4E0A-B315-2D5DAD9CC72B}.Release|x64.Build.0 = Release|Any CPU
		{765F27F9-78AF-4E0A-B315-2D5DAD9CC72B}.Release|x86.ActiveCfg = Release|Any CPU
		{765F27F9-78AF-4E0A-B315-2D5DAD9CC72B}.Release|x86.Build.0 = Release|Any CPU
		{E6966B6A-9B8E-437B-979C-EA52F7B4A29C}.Debug|Any CPU.ActiveCfg = Release|x64
		{E6966B6A-9B8E-437B-979C-EA52F7B4A29C}.Debug|Any CPU.Build.0 = Release|x64
		{E6966B6A-9B8E-437B-979C-EA52F7B4A29C}.Debug|ARM64.ActiveCfg = Debug|Any CPU
		{E6966B6A-9B8E-437B-979C-EA52F7B4A29C}.Debug|ARM64.Build.0 = Debug|Any CPU
		{E6966B6A-9B8E-437B-979C-EA52F7B4A29C}.Debug|x64.ActiveCfg = Debug|Any CPU
		{E6966B6A-9B8E-437B-979C-EA52F7B4A29C}.Debug|x64.Build.0 = Debug|Any CPU
		{E6966B6A-9B8E-437B-979C-EA52F7B4A29C}.Debug|x86.ActiveCfg = Debug|Any CPU
		{E6966B6A-9B8E-437B-979C-EA52F7B4A29C}.Debug|x86.Build.0 = Debug|Any CPU
		{E6966B6A-9B8E-437B-979C-EA52F7B4A29C}.Release|Any CPU.ActiveCfg = Release|Any CPU
		{E6966B6A-9B8E-437B-979C-EA52F7B4A29C}.Release|Any CPU.Build.0 = Release|Any CPU
		{E6966B6A-9B8E-437B-979C-EA52F7B4A29C}.Release|ARM64.ActiveCfg = Release|Any CPU
		{E6966B6A-9B8E-437B-979C-EA52F7B4A29C}.Release|ARM64.Build.0 = Release|Any CPU
		{E6966B6A-9B8E-437B-979C-EA52F7B4A29C}.Release|x64.ActiveCfg = Release|Any CPU
		{E6966B6A-9B8E-437B-979C-EA52F7B4A29C}.Release|x64.Build.0 = Release|Any CPU
		{E6966B6A-9B8E-437B-979C-EA52F7B4A29C}.Release|x86.ActiveCfg = Release|Any CPU
		{E6966B6A-9B8E-437B-979C-EA52F7B4A29C}.Release|x86.Build.0 = Release|Any CPU
		{9439F40F-B34B-476B-88E2-CA1625F52815}.Debug|Any CPU.ActiveCfg = Debug|Any CPU
		{9439F40F-B34B-476B-88E2-CA1625F52815}.Debug|Any CPU.Build.0 = Debug|Any CPU
		{9439F40F-B34B-476B-88E2-CA1625F52815}.Debug|ARM64.ActiveCfg = Debug|Any CPU
		{9439F40F-B34B-476B-88E2-CA1625F52815}.Debug|ARM64.Build.0 = Debug|Any CPU
		{9439F40F-B34B-476B-88E2-CA1625F52815}.Debug|x64.ActiveCfg = Debug|Any CPU
		{9439F40F-B34B-476B-88E2-CA1625F52815}.Debug|x86.ActiveCfg = Debug|Any CPU
		{9439F40F-B34B-476B-88E2-CA1625F52815}.Debug|x86.Build.0 = Debug|Any CPU
		{9439F40F-B34B-476B-88E2-CA1625F52815}.Release|Any CPU.ActiveCfg = Release|Any CPU
		{9439F40F-B34B-476B-88E2-CA1625F52815}.Release|Any CPU.Build.0 = Release|Any CPU
		{9439F40F-B34B-476B-88E2-CA1625F52815}.Release|ARM64.ActiveCfg = Release|Any CPU
		{9439F40F-B34B-476B-88E2-CA1625F52815}.Release|ARM64.Build.0 = Release|Any CPU
		{9439F40F-B34B-476B-88E2-CA1625F52815}.Release|x64.ActiveCfg = Release|Any CPU
		{9439F40F-B34B-476B-88E2-CA1625F52815}.Release|x86.ActiveCfg = Release|Any CPU
		{9439F40F-B34B-476B-88E2-CA1625F52815}.Release|x86.Build.0 = Release|Any CPU
		{B59A6049-1B6E-4B05-AA25-91B1D2164091}.Debug|Any CPU.ActiveCfg = Release|x64
		{B59A6049-1B6E-4B05-AA25-91B1D2164091}.Debug|Any CPU.Build.0 = Release|x64
		{B59A6049-1B6E-4B05-AA25-91B1D2164091}.Debug|ARM64.ActiveCfg = Debug|Any CPU
		{B59A6049-1B6E-4B05-AA25-91B1D2164091}.Debug|ARM64.Build.0 = Debug|Any CPU
		{B59A6049-1B6E-4B05-AA25-91B1D2164091}.Debug|x64.ActiveCfg = Debug|Any CPU
		{B59A6049-1B6E-4B05-AA25-91B1D2164091}.Debug|x64.Build.0 = Debug|Any CPU
		{B59A6049-1B6E-4B05-AA25-91B1D2164091}.Debug|x86.ActiveCfg = Debug|Any CPU
		{B59A6049-1B6E-4B05-AA25-91B1D2164091}.Debug|x86.Build.0 = Debug|Any CPU
		{B59A6049-1B6E-4B05-AA25-91B1D2164091}.Release|Any CPU.ActiveCfg = Release|Any CPU
		{B59A6049-1B6E-4B05-AA25-91B1D2164091}.Release|Any CPU.Build.0 = Release|Any CPU
		{B59A6049-1B6E-4B05-AA25-91B1D2164091}.Release|ARM64.ActiveCfg = Release|Any CPU
		{B59A6049-1B6E-4B05-AA25-91B1D2164091}.Release|ARM64.Build.0 = Release|Any CPU
		{B59A6049-1B6E-4B05-AA25-91B1D2164091}.Release|x64.ActiveCfg = Release|Any CPU
		{B59A6049-1B6E-4B05-AA25-91B1D2164091}.Release|x64.Build.0 = Release|Any CPU
		{B59A6049-1B6E-4B05-AA25-91B1D2164091}.Release|x86.ActiveCfg = Release|Any CPU
		{B59A6049-1B6E-4B05-AA25-91B1D2164091}.Release|x86.Build.0 = Release|Any CPU
	EndGlobalSection
	GlobalSection(SolutionProperties) = preSolution
		HideSolutionNode = FALSE
	EndGlobalSection
	GlobalSection(ExtensibilityGlobals) = postSolution
		SolutionGuid = {B3EFEDA4-62AC-46D1-845A-01AA3773FBC1}
	EndGlobalSection
EndGlobal
